
Microsoft Visual Studio Solution File, Format Version 12.00
# Visual Studio Version 17
VisualStudioVersion = 17.7.34031.279
MinimumVisualStudioVersion = 10.0.40219.1
Project("{FAE04EC0-301F-11D3-BF4B-00C04F79EFBC}") = "calculator", "calculator\calculator.csproj", "{3656C10E-641F-4070-9E16-BAF029EA6205}"
EndProject
Global
	GlobalSection(SolutionConfigurationPlatforms) = preSolution
		Debug|Any CPU = Debug|Any CPU
		Release|Any CPU = Release|Any CPU
	EndGlobalSection
	GlobalSection(ProjectConfigurationPlatforms) = postSolution
		{3656C10E-641F-4070-9E16-BAF029EA6205}.Debug|Any CPU.ActiveCfg = Debug|Any CPU
		{3656C10E-641F-4070-9E16-BAF029EA6205}.Debug|Any CPU.Build.0 = Debug|Any CPU
		{3656C10E-641F-4070-9E16-BAF029EA6205}.Release|Any CPU.ActiveCfg = Release|Any CPU
		{3656C10E-641F-4070-9E16-BAF029EA6205}.Release|Any CPU.Build.0 = Release|Any CPU
	EndGlobalSection
	GlobalSection(SolutionProperties) = preSolution
		HideSolutionNode = FALSE
	EndGlobalSection
	GlobalSection(ExtensibilityGlobals) = postSolution
		SolutionGuid = {A23FE8C8-A97E-47E0-BFF1-0B042B3291BE}
	EndGlobalSection
EndGlobal
